
Microsoft Visual Studio Solution File, Format Version 11.00
# Visual Studio 2010
Project("{FAE04EC0-301F-11D3-BF4B-00C04F79EFBC}") = "JiraLogger", "JiraLogger\JiraLogger.csproj", "{D2E3A21C-2D3D-41CB-8EF7-59299D075408}"
EndProject
Global
	GlobalSection(SolutionConfigurationPlatforms) = preSolution
		Debug|x86 = Debug|x86
		Release|x86 = Release|x86
	EndGlobalSection
	GlobalSection(ProjectConfigurationPlatforms) = postSolution
		{D2E3A21C-2D3D-41CB-8EF7-59299D075408}.Debug|x86.ActiveCfg = Debug|x86
		{D2E3A21C-2D3D-41CB-8EF7-59299D075408}.Debug|x86.Build.0 = Debug|x86
		{D2E3A21C-2D3D-41CB-8EF7-59299D075408}.Release|x86.ActiveCfg = Release|x86
		{D2E3A21C-2D3D-41CB-8EF7-59299D075408}.Release|x86.Build.0 = Release|x86
	EndGlobalSection
	GlobalSection(SolutionProperties) = preSolution
		HideSolutionNode = FALSE
	EndGlobalSection
EndGlobal
